github.com/atdiar/particleui v0.0.0-20230122214250-bce6d7aa4109 h1:x7cM45X0Y8IRsAFL6wdewPP98K+wPyvmBplyYaQR6h0=
github.com/atdiar/particleui v0.0.0-20230122214250-bce6d7aa4109/go.mod h1:exOkQ0uHKrLBBL+hgLFAHgQadYqjkW0XPv7C815RTfY=
golang.org/x/exp v0.0.0-20230905200255-921286631fa9 h1:GoHiUyI/Tp2nVkLI2mCxVkOjsbSXD66ic0XW0js0R9g=
golang.org/x/net v0.15.0 h1:ugBLEUaxABaB5AJqW9enI0ACdci2RUd4eP51NTBvuJ8=
